
Microsoft Visual Studio Solution File, Format Version 12.00
# Visual Studio Version 17
VisualStudioVersion = 17.4.33122.133
MinimumVisualStudioVersion = 10.0.40219.1
Project("{FAE04EC0-301F-11D3-BF4B-00C04F79EFBC}") = "POC_WebAPI_UserInterface", "POC_WebAPI_UserInterface.csproj", "{8A26025F-BEC3-45ED-9AED-D31A7B27D080}"
EndProject
Project("{FAE04EC0-301F-11D3-BF4B-00C04F79EFBC}") = "POC_WebAPI_DataAccessLayer", "..\POC_WebAPI_DataAccessLayer\POC_WebAPI_DataAccessLayer.csproj", "{5EB57382-45E5-441E-8416-F2F1C69A0216}"
EndProject
Project("{FAE04EC0-301F-11D3-BF4B-00C04F79EFBC}") = "POC_WebAPI_BusinessLogicLayer", "..\POC_WebAPI_BusinessLogicLayer\POC_WebAPI_BusinessLogicLayer.csproj", "{2F4809BF-AC4E-4832-B36F-10429120BD19}"
EndProject
Global
	GlobalSection(SolutionConfigurationPlatforms) = preSolution
		Debug|Any CPU = Debug|Any CPU
		Release|Any CPU = Release|Any CPU
	EndGlobalSection
	GlobalSection(ProjectConfigurationPlatforms) = postSolution
		{8A26025F-BEC3-45ED-9AED-D31A7B27D080}.Debug|Any CPU.ActiveCfg = Debug|Any CPU
		{8A26025F-BEC3-45ED-9AED-D31A7B27D080}.Debug|Any CPU.Build.0 = Debug|Any CPU
		{8A26025F-BEC3-45ED-9AED-D31A7B27D080}.Release|Any CPU.ActiveCfg = Release|Any CPU
		{8A26025F-BEC3-45ED-9AED-D31A7B27D080}.Release|Any CPU.Build.0 = Release|Any CPU
		{5EB57382-45E5-441E-8416-F2F1C69A0216}.Debug|Any CPU.ActiveCfg = Debug|Any CPU
		{5EB57382-45E5-441E-8416-F2F1C69A0216}.Debug|Any CPU.Build.0 = Debug|Any CPU
		{5EB57382-45E5-441E-8416-F2F1C69A0216}.Release|Any CPU.ActiveCfg = Release|Any CPU
		{5EB57382-45E5-441E-8416-F2F1C69A0216}.Release|Any CPU.Build.0 = Release|Any CPU
		{2F4809BF-AC4E-4832-B36F-10429120BD19}.Debug|Any CPU.ActiveCfg = Debug|Any CPU
		{2F4809BF-AC4E-4832-B36F-10429120BD19}.Debug|Any CPU.Build.0 = Debug|Any CPU
		{2F4809BF-AC4E-4832-B36F-10429120BD19}.Release|Any CPU.ActiveCfg = Release|Any CPU
		{2F4809BF-AC4E-4832-B36F-10429120BD19}.Release|Any CPU.Build.0 = Release|Any CPU
	EndGlobalSection
	GlobalSection(SolutionProperties) = preSolution
		HideSolutionNode = FALSE
	EndGlobalSection
	GlobalSection(ExtensibilityGlobals) = postSolution
		SolutionGuid = {C41DAF7F-B94F-4EC1-AC2C-1A007E6F567F}
	EndGlobalSection
EndGlobal
